// !$*UTF8*$!
{
	archiveVersion = 1;
	classes = {
	};
	objectVersion = 56;
	objects = {

/* Begin PBXBuildFile section */
		8E4A2EBB2AC54D720087F9A7 /* TheProjectApp.swift in Sources */ = {isa = PBXBuildFile; fileRef = 8E4A2EBA2AC54D720087F9A7 /* TheProjectApp.swift */; };
		8E4A2EBD2AC54D720087F9A7 /* ContentView.swift in Sources */ = {isa = PBXBuildFile; fileRef = 8E4A2EBC2AC54D720087F9A7 /* ContentView.swift */; };
		8E4A2EBF2AC54D750087F9A7 /* Assets.xcassets in Resources */ = {isa = PBXBuildFile; fileRef = 8E4A2EBE2AC54D750087F9A7 /* Assets.xcassets */; };
		8E4A2EC22AC54D750087F9A7 /* Preview Assets.xcassets in Resources */ = {isa = PBXBuildFile; fileRef = 8E4A2EC12AC54D750087F9A7 /* Preview Assets.xcassets */; };
		8E4A2ECC2AC54D750087F9A7 /* TheProjectTests.swift in Sources */ = {isa = PBXBuildFile; fileRef = 8E4A2ECB2AC54D750087F9A7 /* TheProjectTests.swift */; };
		8E4A2ED62AC54D750087F9A7 /* TheProjectUITests.swift in Sources */ = {isa = PBXBuildFile; fileRef = 8E4A2ED52AC54D750087F9A7 /* TheProjectUITests.swift */; };
		8E4A2ED82AC54D750087F9A7 /* TheProjectUITestsLaunchTests.swift in Sources */ = {isa = PBXBuildFile; fileRef = 8E4A2ED72AC54D750087F9A7 /* TheProjectUITestsLaunchTests.swift */; };
		8E4A2EE52AC58A790087F9A7 /* MainScreen.swift in Sources */ = {isa = PBXBuildFile; fileRef = 8E4A2EE42AC58A790087F9A7 /* MainScreen.swift */; };
		8E4A2EE72AC58D590087F9A7 /* SignUp.swift in Sources */ = {isa = PBXBuildFile; fileRef = 8E4A2EE62AC58D590087F9A7 /* SignUp.swift */; };
		8E822A542ACBF0F800A1DA57 /* input.swift in Sources */ = {isa = PBXBuildFile; fileRef = 8E822A532ACBF0F800A1DA57 /* input.swift */; };
/* End PBXBuildFile section */

/* Begin PBXContainerItemProxy section */
		8E4A2EC82AC54D750087F9A7 /* PBXContainerItemProxy */ = {
			isa = PBXContainerItemProxy;
			containerPortal = 8E4A2EAF2AC54D720087F9A7 /* Project object */;
			proxyType = 1;
			remoteGlobalIDString = 8E4A2EB62AC54D720087F9A7;
			remoteInfo = TheProject;
		};
		8E4A2ED22AC54D750087F9A7 /* PBXContainerItemProxy */ = {
			isa = PBXContainerItemProxy;
			containerPortal = 8E4A2EAF2AC54D720087F9A7 /* Project object */;
			proxyType = 1;
			remoteGlobalIDString = 8E4A2EB62AC54D720087F9A7;
			remoteInfo = TheProject;
		};
/* End PBXContainerItemProxy section */

/* Begin PBXFileReference section */
		8E4A2EB72AC54D720087F9A7 /* TheProject.app */ = {isa = PBXFileReference; explicitFileType = wrapper.application; includeInIndex = 0; path = TheProject.app; sourceTree = BUILT_PRODUCTS_DIR; };
		8E4A2EBA2AC54D720087F9A7 /* TheProjectApp.swift */ = {isa = PBXFileReference; lastKnownFileType = sourcecode.swift; path = TheProjectApp.swift; sourceTree = "<group>"; };
		8E4A2EBC2AC54D720087F9A7 /* ContentView.swift */ = {isa = PBXFileReference; lastKnownFileType = sourcecode.swift; path = ContentView.swift; sourceTree = "<group>"; };
		8E4A2EBE2AC54D750087F9A7 /* Assets.xcassets */ = {isa = PBXFileReference; lastKnownFileType = folder.assetcatalog; path = Assets.xcassets; sourceTree = "<group>"; };
		8E4A2EC12AC54D750087F9A7 /* Preview Assets.xcassets */ = {isa = PBXFileReference; lastKnownFileType = folder.assetcatalog; path = "Preview Assets.xcassets"; sourceTree = "<group>"; };
		8E4A2EC72AC54D750087F9A7 /* TheProjectTests.xctest */ = {isa = PBXFileReference; explicitFileType = wrapper.cfbundle; includeInIndex = 0; path = TheProjectTests.xctest; sourceTree = BUILT_PRODUCTS_DIR; };
		8E4A2ECB2AC54D750087F9A7 /* TheProjectTests.swift */ = {isa = PBXFileReference; lastKnownFileType = sourcecode.swift; path = TheProjectTests.swift; sourceTree = "<group>"; };
		8E4A2ED12AC54D750087F9A7 /* TheProjectUITests.xctest */ = {isa = PBXFileReference; explicitFileType = wrapper.cfbundle; includeInIndex = 0; path = TheProjectUITests.xctest; sourceTree = BUILT_PRODUCTS_DIR; };
		8E4A2ED52AC54D750087F9A7 /* TheProjectUITests.swift */ = {isa = PBXFileReference; lastKnownFileType = sourcecode.swift; path = TheProjectUITests.swift; sourceTree = "<group>"; };
		8E4A2ED72AC54D750087F9A7 /* TheProjectUITestsLaunchTests.swift */ = {isa = PBXFileReference; lastKnownFileType = sourcecode.swift; path = TheProjectUITestsLaunchTests.swift; sourceTree = "<group>"; };
		8E4A2EE42AC58A790087F9A7 /* MainScreen.swift */ = {isa = PBXFileReference; lastKnownFileType = sourcecode.swift; path = MainScreen.swift; sourceTree = "<group>"; };
		8E4A2EE62AC58D590087F9A7 /* SignUp.swift */ = {isa = PBXFileReference; lastKnownFileType = sourcecode.swift; path = SignUp.swift; sourceTree = "<group>"; };
		8E822A532ACBF0F800A1DA57 /* input.swift */ = {isa = PBXFileReference; lastKnownFileType = sourcecode.swift; path = input.swift; sourceTree = "<group>"; };
/* End PBXFileReference section */

/* Begin PBXFrameworksBuildPhase section */
		8E4A2EB42AC54D720087F9A7 /* Frameworks */ = {
			isa = PBXFrameworksBuildPhase;
			buildActionMask = 2147483647;
			files = (
			);
			runOnlyForDeploymentPostprocessing = 0;
		};
		8E4A2EC42AC54D750087F9A7 /* Frameworks */ = {
			isa = PBXFrameworksBuildPhase;
			buildActionMask = 2147483647;
			files = (
			);
			runOnlyForDeploymentPostprocessing = 0;
		};
		8E4A2ECE2AC54D750087F9A7 /* Frameworks */ = {
			isa = PBXFrameworksBuildPhase;
			buildActionMask = 2147483647;
			files = (
			);
			runOnlyForDeploymentPostprocessing = 0;
		};
/* End PBXFrameworksBuildPhase section */

/* Begin PBXGroup section */
		8E4A2EAE2AC54D720087F9A7 = {
			isa = PBXGroup;
			children = (
				8E4A2EB92AC54D720087F9A7 /* TheProject */,
				8E4A2ECA2AC54D750087F9A7 /* TheProjectTests */,
				8E4A2ED42AC54D750087F9A7 /* TheProjectUITests */,
				8E4A2EB82AC54D720087F9A7 /* Products */,
			);
			sourceTree = "<group>";
		};
		8E4A2EB82AC54D720087F9A7 /* Products */ = {
			isa = PBXGroup;
			children = (
				8E4A2EB72AC54D720087F9A7 /* TheProject.app */,
				8E4A2EC72AC54D750087F9A7 /* TheProjectTests.xctest */,
				8E4A2ED12AC54D750087F9A7 /* TheProjectUITests.xctest */,
			);
			name = Products;
			sourceTree = "<group>";
		};
		8E4A2EB92AC54D720087F9A7 /* TheProject */ = {
			isa = PBXGroup;
			children = (
				8E822A4C2ACBF04700A1DA57 /* Elements */,
				8E4A2EBA2AC54D720087F9A7 /* TheProjectApp.swift */,
				8E4A2EBC2AC54D720087F9A7 /* ContentView.swift */,
				8E4A2EBE2AC54D750087F9A7 /* Assets.xcassets */,
				8E4A2EC02AC54D750087F9A7 /* Preview Content */,
				8E4A2EE42AC58A790087F9A7 /* MainScreen.swift */,
				8E4A2EE62AC58D590087F9A7 /* SignUp.swift */,
			);
			path = TheProject;
			sourceTree = "<group>";
		};
		8E4A2EC02AC54D750087F9A7 /* Preview Content */ = {
			isa = PBXGroup;
			children = (
				8E4A2EC12AC54D750087F9A7 /* Preview Assets.xcassets */,
			);
			path = "Preview Content";
			sourceTree = "<group>";
		};
		8E4A2ECA2AC54D750087F9A7 /* TheProjectTests */ = {
			isa = PBXGroup;
			children = (
				8E4A2ECB2AC54D750087F9A7 /* TheProjectTests.swift */,
			);
			path = TheProjectTests;
			sourceTree = "<group>";
		};
		8E4A2ED42AC54D750087F9A7 /* TheProjectUITests */ = {
			isa = PBXGroup;
			children = (
				8E4A2ED52AC54D750087F9A7 /* TheProjectUITests.swift */,
				8E4A2ED72AC54D750087F9A7 /* TheProjectUITestsLaunchTests.swift */,
			);
			path = TheProjectUITests;
			sourceTree = "<group>";
		};
		8E822A4C2ACBF04700A1DA57 /* Elements */ = {
			isa = PBXGroup;
			children = (
				8E822A532ACBF0F800A1DA57 /* input.swift */,
			);
			path = Elements;
			sourceTree = "<group>";
		};
/* End PBXGroup section */

/* Begin PBXNativeTarget section */
		8E4A2EB62AC54D720087F9A7 /* TheProject */ = {
			isa = PBXNativeTarget;
			buildConfigurationList = 8E4A2EDB2AC54D750087F9A7 /* Build configuration list for PBXNativeTarget "TheProject" */;
			buildPhases = (
				8E4A2EB32AC54D720087F9A7 /* Sources */,
				8E4A2EB42AC54D720087F9A7 /* Frameworks */,
				8E4A2EB52AC54D720087F9A7 /* Resources */,
			);
			buildRules = (
			);
			dependencies = (
			);
			name = TheProject;
			productName = TheProject;
			productReference = 8E4A2EB72AC54D720087F9A7 /* TheProject.app */;
			productType = "com.apple.product-type.application";
		};
		8E4A2EC62AC54D750087F9A7 /* TheProjectTests */ = {
			isa = PBXNativeTarget;
			buildConfigurationList = 8E4A2EDE2AC54D750087F9A7 /* Build configuration list for PBXNativeTarget "TheProjectTests" */;
			buildPhases = (
				8E4A2EC32AC54D750087F9A7 /* Sources */,
				8E4A2EC42AC54D750087F9A7 /* Frameworks */,
				8E4A2EC52AC54D750087F9A7 /* Resources */,
			);
			buildRules = (
			);
			dependencies = (
				8E4A2EC92AC54D750087F9A7 /* PBXTargetDependency */,
			);
			name = TheProjectTests;
			productName = TheProjectTests;
			productReference = 8E4A2EC72AC54D750087F9A7 /* TheProjectTests.xctest */;
			productType = "com.apple.product-type.bundle.unit-test";
		};
		8E4A2ED02AC54D750087F9A7 /* TheProjectUITests */ = {
			isa = PBXNativeTarget;
			buildConfigurationList = 8E4A2EE12AC54D750087F9A7 /* Build configuration list for PBXNativeTarget "TheProjectUITests" */;
			buildPhases = (
				8E4A2ECD2AC54D750087F9A7 /* Sources */,
				8E4A2ECE2AC54D750087F9A7 /* Frameworks */,
				8E4A2ECF2AC54D750087F9A7 /* Resources */,
			);
			buildRules = (
			);
			dependencies = (
				8E4A2ED32AC54D750087F9A7 /* PBXTargetDependency */,
			);
			name = TheProjectUITests;
			productName = TheProjectUITests;
			productReference = 8E4A2ED12AC54D750087F9A7 /* TheProjectUITests.xctest */;
			productType = "com.apple.product-type.bundle.ui-testing";
		};
/* End PBXNativeTarget section */

/* Begin PBXProject section */
		8E4A2EAF2AC54D720087F9A7 /* Project object */ = {
			isa = PBXProject;
			attributes = {
				BuildIndependentTargetsInParallel = 1;
				LastSwiftUpdateCheck = 1500;
				LastUpgradeCheck = 1500;
				TargetAttributes = {
					8E4A2EB62AC54D720087F9A7 = {
						CreatedOnToolsVersion = 15.0;
					};
					8E4A2EC62AC54D750087F9A7 = {
						CreatedOnToolsVersion = 15.0;
						TestTargetID = 8E4A2EB62AC54D720087F9A7;
					};
					8E4A2ED02AC54D750087F9A7 = {
						CreatedOnToolsVersion = 15.0;
						TestTargetID = 8E4A2EB62AC54D720087F9A7;
					};
				};
			};
			buildConfigurationList = 8E4A2EB22AC54D720087F9A7 /* Build configuration list for PBXProject "TheProject" */;
			compatibilityVersion = "Xcode 14.0";
			developmentRegion = en;
			hasScannedForEncodings = 0;
			knownRegions = (
				en,
				Base,
			);
			mainGroup = 8E4A2EAE2AC54D720087F9A7;
			productRefGroup = 8E4A2EB82AC54D720087F9A7 /* Products */;
			projectDirPath = "";
			projectRoot = "";
			targets = (
				8E4A2EB62AC54D720087F9A7 /* TheProject */,
				8E4A2EC62AC54D750087F9A7 /* TheProjectTests */,
				8E4A2ED02AC54D750087F9A7 /* TheProjectUITests */,
			);
		};
/* End PBXProject section */

/* Begin PBXResourcesBuildPhase section */
		8E4A2EB52AC54D720087F9A7 /* Resources */ = {
			isa = PBXResourcesBuildPhase;
			buildActionMask = 2147483647;
			files = (
				8E4A2EC22AC54D750087F9A7 /* Preview Assets.xcassets in Resources */,
				8E4A2EBF2AC54D750087F9A7 /* Assets.xcassets in Resources */,
			);
			runOnlyForDeploymentPostprocessing = 0;
		};
		8E4A2EC52AC54D750087F9A7 /* Resources */ = {
			isa = PBXResourcesBuildPhase;
			buildActionMask = 2147483647;
			files = (
			);
			runOnlyForDeploymentPostprocessing = 0;
		};
		8E4A2ECF2AC54D750087F9A7 /* Resources */ = {
			isa = PBXResourcesBuildPhase;
			buildActionMask = 2147483647;
			files = (
			);
			runOnlyForDeploymentPostprocessing = 0;
		};
/* End PBXResourcesBuildPhase section */

/* Begin PBXSourcesBuildPhase section */
		8E4A2EB32AC54D720087F9A7 /* Sources */ = {
			isa = PBXSourcesBuildPhase;
			buildActionMask = 2147483647;
			files = (
				8E822A542ACBF0F800A1DA57 /* input.swift in Sources */,
				8E4A2EE52AC58A790087F9A7 /* MainScreen.swift in Sources */,
				8E4A2EE72AC58D590087F9A7 /* SignUp.swift in Sources */,
				8E4A2EBD2AC54D720087F9A7 /* ContentView.swift in Sources */,
				8E4A2EBB2AC54D720087F9A7 /* TheProjectApp.swift in Sources */,
			);
			runOnlyForDeploymentPostprocessing = 0;
		};
		8E4A2EC32AC54D750087F9A7 /* Sources */ = {
			isa = PBXSourcesBuildPhase;
			buildActionMask = 2147483647;
			files = (
				8E4A2ECC2AC54D750087F9A7 /* TheProjectTests.swift in Sources */,
			);
			runOnlyForDeploymentPostprocessing = 0;
		};
		8E4A2ECD2AC54D750087F9A7 /* Sources */ = {
			isa = PBXSourcesBuildPhase;
			buildActionMask = 2147483647;
			files = (
				8E4A2ED82AC54D750087F9A7 /* TheProjectUITestsLaunchTests.swift in Sources */,
				8E4A2ED62AC54D750087F9A7 /* TheProjectUITests.swift in Sources */,
			);
			runOnlyForDeploymentPostprocessing = 0;
		};
/* End PBXSourcesBuildPhase section */

/* Begin PBXTargetDependency section */
		8E4A2EC92AC54D750087F9A7 /* PBXTargetDependency */ = {
			isa = PBXTargetDependency;
			target = 8E4A2EB62AC54D720087F9A7 /* TheProject */;
			targetProxy = 8E4A2EC82AC54D750087F9A7 /* PBXContainerItemProxy */;
		};
		8E4A2ED32AC54D750087F9A7 /* PBXTargetDependency */ = {
			isa = PBXTargetDependency;
			target = 8E4A2EB62AC54D720087F9A7 /* TheProject */;
			targetProxy = 8E4A2ED22AC54D750087F9A7 /* PBXContainerItemProxy */;
		};
/* End PBXTargetDependency section */

/* Begin XCBuildConfiguration section */
		8E4A2ED92AC54D750087F9A7 /* Debug */ = {
			isa = XCBuildConfiguration;
			buildSettings = {
				ALWAYS_SEARCH_USER_PATHS = NO;
				ASSETCATALOG_COMPILER_GENERATE_SWIFT_ASSET_SYMBOL_EXTENSIONS = YES;
				CLANG_ANALYZER_NONNULL = YES;
				CLANG_ANALYZER_NUMBER_OBJECT_CONVERSION = YES_AGGRESSIVE;
				CLANG_CXX_LANGUAGE_STANDARD = "gnu++20";
				CLANG_ENABLE_MODULES = YES;
				CLANG_ENABLE_OBJC_ARC = YES;
				CLANG_ENABLE_OBJC_WEAK = YES;
				CLANG_WARN_BLOCK_CAPTURE_AUTORELEASING = YES;
				CLANG_WARN_BOOL_CONVERSION = YES;
				CLANG_WARN_COMMA = YES;
				CLANG_WARN_CONSTANT_CONVERSION = YES;
				CLANG_WARN_DEPRECATED_OBJC_IMPLEMENTATIONS = YES;
				CLANG_WARN_DIRECT_OBJC_ISA_USAGE = YES_ERROR;
				CLANG_WARN_DOCUMENTATION_COMMENTS = YES;
				CLANG_WARN_EMPTY_BODY = YES;
				CLANG_WARN_ENUM_CONVERSION = YES;
				CLANG_WARN_INFINITE_RECURSION = YES;
				CLANG_WARN_INT_CONVERSION = YES;
				CLANG_WARN_NON_LITERAL_NULL_CONVERSION = YES;
				CLANG_WARN_OBJC_IMPLICIT_RETAIN_SELF = YES;
				CLANG_WARN_OBJC_LITERAL_CONVERSION = YES;
				CLANG_WARN_OBJC_ROOT_CLASS = YES_ERROR;
				CLANG_WARN_QUOTED_INCLUDE_IN_FRAMEWORK_HEADER = YES;
				CLANG_WARN_RANGE_LOOP_ANALYSIS = YES;
				CLANG_WARN_STRICT_PROTOTYPES = YES;
				CLANG_WARN_SUSPICIOUS_MOVE = YES;
				CLANG_WARN_UNGUARDED_AVAILABILITY = YES_AGGRESSIVE;
				CLANG_WARN_UNREACHABLE_CODE = YES;
				CLANG_WARN__DUPLICATE_METHOD_MATCH = YES;
				COPY_PHASE_STRIP = NO;
				DEBUG_INFORMATION_FORMAT = dwarf;
				ENABLE_STRICT_OBJC_MSGSEND = YES;
				ENABLE_TESTABILITY = YES;
				ENABLE_USER_SCRIPT_SANDBOXING = YES;
				GCC_C_LANGUAGE_STANDARD = gnu17;
				GCC_DYNAMIC_NO_PIC = NO;
				GCC_NO_COMMON_BLOCKS = YES;
				GCC_OPTIMIZATION_LEVEL = 0;
				GCC_PREPROCESSOR_DEFINITIONS = (
					"DEBUG=1",
					"$(inherited)",
				);
				GCC_WARN_64_TO_32_BIT_CONVERSION = YES;
				GCC_WARN_ABOUT_RETURN_TYPE = YES_ERROR;
				GCC_WARN_UNDECLARED_SELECTOR = YES;
				GCC_WARN_UNINITIALIZED_AUTOS = YES_AGGRESSIVE;
				GCC_WARN_UNUSED_FUNCTION = YES;
				GCC_WARN_UNUSED_VARIABLE = YES;
				IPHONEOS_DEPLOYMENT_TARGET = 17.0;
				LOCALIZATION_PREFERS_STRING_CATALOGS = YES;
				MTL_ENABLE_DEBUG_INFO = INCLUDE_SOURCE;
				MTL_FAST_MATH = YES;
				ONLY_ACTIVE_ARCH = YES;
				SDKROOT = iphoneos;
				SWIFT_ACTIVE_COMPILATION_CONDITIONS = "DEBUG $(inherited)";
				SWIFT_OPTIMIZATION_LEVEL = "-Onone";
			};
			name = Debug;
		};
		8E4A2EDA2AC54D750087F9A7 /* Release */ = {
			isa = XCBuildConfiguration;
			buildSettings = {
				ALWAYS_SEARCH_USER_PATHS = NO;
				ASSETCATALOG_COMPILER_GENERATE_SWIFT_ASSET_SYMBOL_EXTENSIONS = YES;
				CLANG_ANALYZER_NONNULL = YES;
				CLANG_ANALYZER_NUMBER_OBJECT_CONVERSION = YES_AGGRESSIVE;
				CLANG_CXX_LANGUAGE_STANDARD = "gnu++20";
				CLANG_ENABLE_MODULES = YES;
				CLANG_ENABLE_OBJC_ARC = YES;
				CLANG_ENABLE_OBJC_WEAK = YES;
				CLANG_WARN_BLOCK_CAPTURE_AUTORELEASING = YES;
				CLANG_WARN_BOOL_CONVERSION = YES;
				CLANG_WARN_COMMA = YES;
				CLANG_WARN_CONSTANT_CONVERSION = YES;
				CLANG_WARN_DEPRECATED_OBJC_IMPLEMENTATIONS = YES;
				CLANG_WARN_DIRECT_OBJC_ISA_USAGE = YES_ERROR;
				CLANG_WARN_DOCUMENTATION_COMMENTS = YES;
				CLANG_WARN_EMPTY_BODY = YES;
				CLANG_WARN_ENUM_CONVERSION = YES;
				CLANG_WARN_INFINITE_RECURSION = YES;
				CLANG_WARN_INT_CONVERSION = YES;
				CLANG_WARN_NON_LITERAL_NULL_CONVERSION = YES;
				CLANG_WARN_OBJC_IMPLICIT_RETAIN_SELF = YES;
				CLANG_WARN_OBJC_LITERAL_CONVERSION = YES;
				CLANG_WARN_OBJC_ROOT_CLASS = YES_ERROR;
				CLANG_WARN_QUOTED_INCLUDE_IN_FRAMEWORK_HEADER = YES;
				CLANG_WARN_RANGE_LOOP_ANALYSIS = YES;
				CLANG_WARN_STRICT_PROTOTYPES = YES;
				CLANG_WARN_SUSPICIOUS_MOVE = YES;
				CLANG_WARN_UNGUARDED_AVAILABILITY = YES_AGGRESSIVE;
				CLANG_WARN_UNREACHABLE_CODE = YES;
				CLANG_WARN__DUPLICATE_METHOD_MATCH = YES;
				COPY_PHASE_STRIP = NO;
				DEBUG_INFORMATION_FORMAT = "dwarf-with-dsym";
				ENABLE_NS_ASSERTIONS = NO;
				ENABLE_STRICT_OBJC_MSGSEND = YES;
				ENABLE_USER_SCRIPT_SANDBOXING = YES;
				GCC_C_LANGUAGE_STANDARD = gnu17;
				GCC_NO_COMMON_BLOCKS = YES;
				GCC_WARN_64_TO_32_BIT_CONVERSION = YES;
				GCC_WARN_ABOUT_RETURN_TYPE = YES_ERROR;
				GCC_WARN_UNDECLARED_SELECTOR = YES;
				GCC_WARN_UNINITIALIZED_AUTOS = YES_AGGRESSIVE;
				GCC_WARN_UNUSED_FUNCTION = YES;
				GCC_WARN_UNUSED_VARIABLE = YES;
				IPHONEOS_DEPLOYMENT_TARGET = 17.0;
				LOCALIZATION_PREFERS_STRING_CATALOGS = YES;
				MTL_ENABLE_DEBUG_INFO = NO;
				MTL_FAST_MATH = YES;
				SDKROOT = iphoneos;
				SWIFT_COMPILATION_MODE = wholemodule;
				VALIDATE_PRODUCT = YES;
			};
			name = Release;
		};
		8E4A2EDC2AC54D750087F9A7 /* Debug */ = {
			isa = XCBuildConfiguration;
			buildSettings = {
				ASSETCATALOG_COMPILER_APPICON_NAME = AppIcon;
				ASSETCATALOG_COMPILER_GLOBAL_ACCENT_COLOR_NAME = AccentColor;
				CODE_SIGN_STYLE = Automatic;
				CURRENT_PROJECT_VERSION = 1;
				DEVELOPMENT_ASSET_PATHS = "\"TheProject/Preview Content\"";
				DEVELOPMENT_TEAM = 4QZ63UZQL2;
				ENABLE_PREVIEWS = YES;
				GENERATE_INFOPLIST_FILE = YES;
				INFOPLIST_KEY_UIApplicationSceneManifest_Generation = YES;
				INFOPLIST_KEY_UIApplicationSupportsIndirectInputEvents = YES;
				INFOPLIST_KEY_UILaunchScreen_Generation = YES;
				INFOPLIST_KEY_UISupportedInterfaceOrientations_iPad = "UIInterfaceOrientationPortrait UIInterfaceOrientationPortraitUpsideDown UIInterfaceOrientationLandscapeLeft UIInterfaceOrientationLandscapeRight";
				INFOPLIST_KEY_UISupportedInterfaceOrientations_iPhone = "UIInterfaceOrientationPortrait UIInterfaceOrientationLandscapeLeft UIInterfaceOrientationLandscapeRight";
				LD_RUNPATH_SEARCH_PATHS = (
					"$(inherited)",
					"@executable_path/Frameworks",
				);
				MARKETING_VERSION = 1.0;
				PRODUCT_BUNDLE_IDENTIFIER = Pumpkin.TheProject;
				PRODUCT_NAME = "$(TARGET_NAME)";
				SWIFT_EMIT_LOC_STRINGS = YES;
				SWIFT_VERSION = 5.0;
				TARGETED_DEVICE_FAMILY = "1,2";
			};
			name = Debug;
		};
		8E4A2EDD2AC54D750087F9A7 /* Release */ = {
			isa = XCBuildConfiguration;
			buildSettings = {
				ASSETCATALOG_COMPILER_APPICON_NAME = AppIcon;
				ASSETCATALOG_COMPILER_GLOBAL_ACCENT_COLOR_NAME = AccentColor;
				CODE_SIGN_STYLE = Automatic;
				CURRENT_PROJECT_VERSION = 1;
				DEVELOPMENT_ASSET_PATHS = "\"TheProject/Preview Content\"";
				DEVELOPMENT_TEAM = 4QZ63UZQL2;
				ENABLE_PREVIEWS = YES;
				GENERATE_INFOPLIST_FILE = YES;
				INFOPLIST_KEY_UIApplicationSceneManifest_Generation = YES;
				INFOPLIST_KEY_UIApplicationSupportsIndirectInputEvents = YES;
				INFOPLIST_KEY_UILaunchScreen_Generation = YES;
				INFOPLIST_KEY_UISupportedInterfaceOrientations_iPad = "UIInterfaceOrientationPortrait UIInterfaceOrientationPortraitUpsideDown UIInterfaceOrientationLandscapeLeft UIInterfaceOrientationLandscapeRight";
				INFOPLIST_KEY_UISupportedInterfaceOrientations_iPhone = "UIInterfaceOrientationPortrait UIInterfaceOrientationLandscapeLeft UIInterfaceOrientationLandscapeRight";
				LD_RUNPATH_SEARCH_PATHS = (
					"$(inherited)",
					"@executable_path/Frameworks",
				);
				MARKETING_VERSION = 1.0;
				PRODUCT_BUNDLE_IDENTIFIER = Pumpkin.TheProject;
				PRODUCT_NAME = "$(TARGET_NAME)";
				SWIFT_EMIT_LOC_STRINGS = YES;
				SWIFT_VERSION = 5.0;
				TARGETED_DEVICE_FAMILY = "1,2";
			};
			name = Release;
		};
		8E4A2EDF2AC54D750087F9A7 /* Debug */ = {
			isa = XCBuildConfiguration;
			buildSettings = {
				ALWAYS_EMBED_SWIFT_STANDARD_LIBRARIES = YES;
				BUNDLE_LOADER = "$(TEST_HOST)";
				CODE_SIGN_STYLE = Automatic;
				CURRENT_PROJECT_VERSION = 1;
				DEVELOPMENT_TEAM = 4QZ63UZQL2;
				GENERATE_INFOPLIST_FILE = YES;
				IPHONEOS_DEPLOYMENT_TARGET = 17.0;
				MARKETING_VERSION = 1.0;
				PRODUCT_BUNDLE_IDENTIFIER = Pumpkin.TheProjectTests;
				PRODUCT_NAME = "$(TARGET_NAME)";
				SWIFT_EMIT_LOC_STRINGS = NO;
				SWIFT_VERSION = 5.0;
				TARGETED_DEVICE_FAMILY = "1,2";
				TEST_HOST = "$(BUILT_PRODUCTS_DIR)/TheProject.app/$(BUNDLE_EXECUTABLE_FOLDER_PATH)/TheProject";
			};
			name = Debug;
		};
		8E4A2EE02AC54D750087F9A7 /* Release */ = {
			isa = XCBuildConfiguration;
			buildSettings = {
				ALWAYS_EMBED_SWIFT_STANDARD_LIBRARIES = YES;
				BUNDLE_LOADER = "$(TEST_HOST)";
				CODE_SIGN_STYLE = Automatic;
				CURRENT_PROJECT_VERSION = 1;
				DEVELOPMENT_TEAM = 4QZ63UZQL2;
				GENERATE_INFOPLIST_FILE = YES;
				IPHONEOS_DEPLOYMENT_TARGET = 17.0;
				MARKETING_VERSION = 1.0;
				PRODUCT_BUNDLE_IDENTIFIER = Pumpkin.TheProjectTests;
				PRODUCT_NAME = "$(TARGET_NAME)";
				SWIFT_EMIT_LOC_STRINGS = NO;
				SWIFT_VERSION = 5.0;
				TARGETED_DEVICE_FAMILY = "1,2";
				TEST_HOST = "$(BUILT_PRODUCTS_DIR)/TheProject.app/$(BUNDLE_EXECUTABLE_FOLDER_PATH)/TheProject";
			};
			name = Release;
		};
		8E4A2EE22AC54D750087F9A7 /* Debug */ = {
			isa = XCBuildConfiguration;
			buildSettings = {
				ALWAYS_EMBED_SWIFT_STANDARD_LIBRARIES = YES;
				CODE_SIGN_STYLE = Automatic;
				CURRENT_PROJECT_VERSION = 1;
				DEVELOPMENT_TEAM = 4QZ63UZQL2;
				GENERATE_INFOPLIST_FILE = YES;
				MARKETING_VERSION = 1.0;
				PRODUCT_BUNDLE_IDENTIFIER = Pumpkin.TheProjectUITests;
				PRODUCT_NAME = "$(TARGET_NAME)";
				SWIFT_EMIT_LOC_STRINGS = NO;
				SWIFT_VERSION = 5.0;
				TARGETED_DEVICE_FAMILY = "1,2";
				TEST_TARGET_NAME = TheProject;
			};
			name = Debug;
		};
		8E4A2EE32AC54D750087F9A7 /* Release */ = {
			isa = XCBuildConfiguration;
			buildSettings = {
				ALWAYS_EMBED_SWIFT_STANDARD_LIBRARIES = YES;
				CODE_SIGN_STYLE = Automatic;
				CURRENT_PROJECT_VERSION = 1;
				DEVELOPMENT_TEAM = 4QZ63UZQL2;
				GENERATE_INFOPLIST_FILE = YES;
				MARKETING_VERSION = 1.0;
				PRODUCT_BUNDLE_IDENTIFIER = Pumpkin.TheProjectUITests;
				PRODUCT_NAME = "$(TARGET_NAME)";
				SWIFT_EMIT_LOC_STRINGS = NO;
				SWIFT_VERSION = 5.0;
				TARGETED_DEVICE_FAMILY = "1,2";
				TEST_TARGET_NAME = TheProject;
			};
			name = Release;
		};
/* End XCBuildConfiguration section */

/* Begin XCConfigurationList section */
		8E4A2EB22AC54D720087F9A7 /* Build configuration list for PBXProject "TheProject" */ = {
			isa = XCConfigurationList;
			buildConfigurations = (
				8E4A2ED92AC54D750087F9A7 /* Debug */,
				8E4A2EDA2AC54D750087F9A7 /* Release */,
			);
			defaultConfigurationIsVisible = 0;
			defaultConfigurationName = Release;
		};
		8E4A2EDB2AC54D750087F9A7 /* Build configuration list for PBXNativeTarget "TheProject" */ = {
			isa = XCConfigurationList;
			buildConfigurations = (
				8E4A2EDC2AC54D750087F9A7 /* Debug */,
				8E4A2EDD2AC54D750087F9A7 /* Release */,
			);
			defaultConfigurationIsVisible = 0;
			defaultConfigurationName = Release;
		};
		8E4A2EDE2AC54D750087F9A7 /* Build configuration list for PBXNativeTarget "TheProjectTests" */ = {
			isa = XCConfigurationList;
			buildConfigurations = (
				8E4A2EDF2AC54D750087F9A7 /* Debug */,
				8E4A2EE02AC54D750087F9A7 /* Release */,
			);
			defaultConfigurationIsVisible = 0;
			defaultConfigurationName = Release;
		};
		8E4A2EE12AC54D750087F9A7 /* Build configuration list for PBXNativeTarget "TheProjectUITests" */ = {
			isa = XCConfigurationList;
			buildConfigurations = (
				8E4A2EE22AC54D750087F9A7 /* Debug */,
				8E4A2EE32AC54D750087F9A7 /* Release */,
			);
			defaultConfigurationIsVisible = 0;
			defaultConfigurationName = Release;
		};
/* End XCConfigurationList section */
	};
	rootObject = 8E4A2EAF2AC54D720087F9A7 /* Project object */;
}
